
Microsoft Visual Studio Solution File, Format Version 12.00
# Visual Studio Version 17
VisualStudioVersion = 17.9.34728.123
MinimumVisualStudioVersion = 10.0.40219.1
Project("{FAE04EC0-301F-11D3-BF4B-00C04F79EFBC}") = "places-api", "places-api.csproj", "{22121C47-D501-41A6-8F8F-D67D63A4A65D}"
EndProject
Global
	GlobalSection(SolutionConfigurationPlatforms) = preSolution
		Debug|Any CPU = Debug|Any CPU
		Release|Any CPU = Release|Any CPU
	EndGlobalSection
	GlobalSection(ProjectConfigurationPlatforms) = postSolution
		{22121C47-D501-41A6-8F8F-D67D63A4A65D}.Debug|Any CPU.ActiveCfg = Debug|Any CPU
		{22121C47-D501-41A6-8F8F-D67D63A4A65D}.Debug|Any CPU.Build.0 = Debug|Any CPU
		{22121C47-D501-41A6-8F8F-D67D63A4A65D}.Release|Any CPU.ActiveCfg = Release|Any CPU
		{22121C47-D501-41A6-8F8F-D67D63A4A65D}.Release|Any CPU.Build.0 = Release|Any CPU
	EndGlobalSection
	GlobalSection(SolutionProperties) = preSolution
		HideSolutionNode = FALSE
	EndGlobalSection
	GlobalSection(ExtensibilityGlobals) = postSolution
		SolutionGuid = {E6F60663-AB20-433C-A72B-8DB538E98108}
	EndGlobalSection
EndGlobal
