
Microsoft Visual Studio Solution File, Format Version 12.00
# Visual Studio Version 17
VisualStudioVersion = 17.10.35027.167
MinimumVisualStudioVersion = 10.0.40219.1
Project("{FAE04EC0-301F-11D3-BF4B-00C04F79EFBC}") = "Day-3-Loops-Examples", "Day-3-Loops-Examples\Day-3-Loops-Examples.csproj", "{A9084E75-95D2-4C29-B801-44EC9AB45EE2}"
EndProject
Global
	GlobalSection(SolutionConfigurationPlatforms) = preSolution
		Debug|Any CPU = Debug|Any CPU
		Release|Any CPU = Release|Any CPU
	EndGlobalSection
	GlobalSection(ProjectConfigurationPlatforms) = postSolution
		{A9084E75-95D2-4C29-B801-44EC9AB45EE2}.Debug|Any CPU.ActiveCfg = Debug|Any CPU
		{A9084E75-95D2-4C29-B801-44EC9AB45EE2}.Debug|Any CPU.Build.0 = Debug|Any CPU
		{A9084E75-95D2-4C29-B801-44EC9AB45EE2}.Release|Any CPU.ActiveCfg = Release|Any CPU
		{A9084E75-95D2-4C29-B801-44EC9AB45EE2}.Release|Any CPU.Build.0 = Release|Any CPU
	EndGlobalSection
	GlobalSection(SolutionProperties) = preSolution
		HideSolutionNode = FALSE
	EndGlobalSection
	GlobalSection(ExtensibilityGlobals) = postSolution
		SolutionGuid = {0AD26A6F-B166-4B1A-91F3-9426110F16BB}
	EndGlobalSection
EndGlobal
