
Microsoft Visual Studio Solution File, Format Version 12.00
# Visual Studio Version 17
VisualStudioVersion = 17.10.35027.167
MinimumVisualStudioVersion = 10.0.40219.1
Project("{FAE04EC0-301F-11D3-BF4B-00C04F79EFBC}") = "Basic-Loops-Key-Code-Do-While", "Basic-Loops-Key-Code-Do-While\Basic-Loops-Key-Code-Do-While.csproj", "{D541AB2A-7BDF-4F5B-A386-8270A60A5802}"
EndProject
Global
	GlobalSection(SolutionConfigurationPlatforms) = preSolution
		Debug|Any CPU = Debug|Any CPU
		Release|Any CPU = Release|Any CPU
	EndGlobalSection
	GlobalSection(ProjectConfigurationPlatforms) = postSolution
		{D541AB2A-7BDF-4F5B-A386-8270A60A5802}.Debug|Any CPU.ActiveCfg = Debug|Any CPU
		{D541AB2A-7BDF-4F5B-A386-8270A60A5802}.Debug|Any CPU.Build.0 = Debug|Any CPU
		{D541AB2A-7BDF-4F5B-A386-8270A60A5802}.Release|Any CPU.ActiveCfg = Release|Any CPU
		{D541AB2A-7BDF-4F5B-A386-8270A60A5802}.Release|Any CPU.Build.0 = Release|Any CPU
	EndGlobalSection
	GlobalSection(SolutionProperties) = preSolution
		HideSolutionNode = FALSE
	EndGlobalSection
	GlobalSection(ExtensibilityGlobals) = postSolution
		SolutionGuid = {959F3739-A95B-4351-88EB-5374D48EEE63}
	EndGlobalSection
EndGlobal
