
Microsoft Visual Studio Solution File, Format Version 12.00
# Visual Studio Version 17
VisualStudioVersion = 17.10.35027.167
MinimumVisualStudioVersion = 10.0.40219.1
Project("{FAE04EC0-301F-11D3-BF4B-00C04F79EFBC}") = "Dictionary-Example", "Dictionary-Example\Dictionary-Example.csproj", "{B4B91D0B-59EC-4970-9A25-8FBA402AE860}"
EndProject
Global
	GlobalSection(SolutionConfigurationPlatforms) = preSolution
		Debug|Any CPU = Debug|Any CPU
		Release|Any CPU = Release|Any CPU
	EndGlobalSection
	GlobalSection(ProjectConfigurationPlatforms) = postSolution
		{B4B91D0B-59EC-4970-9A25-8FBA402AE860}.Debug|Any CPU.ActiveCfg = Debug|Any CPU
		{B4B91D0B-59EC-4970-9A25-8FBA402AE860}.Debug|Any CPU.Build.0 = Debug|Any CPU
		{B4B91D0B-59EC-4970-9A25-8FBA402AE860}.Release|Any CPU.ActiveCfg = Release|Any CPU
		{B4B91D0B-59EC-4970-9A25-8FBA402AE860}.Release|Any CPU.Build.0 = Release|Any CPU
	EndGlobalSection
	GlobalSection(SolutionProperties) = preSolution
		HideSolutionNode = FALSE
	EndGlobalSection
	GlobalSection(ExtensibilityGlobals) = postSolution
		SolutionGuid = {2EB0DA37-1481-4845-AF25-30B718F5BACC}
	EndGlobalSection
EndGlobal
