
Microsoft Visual Studio Solution File, Format Version 12.00
# Visual Studio Version 17
VisualStudioVersion = 17.10.35027.167
MinimumVisualStudioVersion = 10.0.40219.1
Project("{FAE04EC0-301F-11D3-BF4B-00C04F79EFBC}") = "Lab 1", "Lab 1\Lab 1.csproj", "{1321C6DE-C67B-40F3-B53E-00412C878018}"
EndProject
Global
	GlobalSection(SolutionConfigurationPlatforms) = preSolution
		Debug|Any CPU = Debug|Any CPU
		Release|Any CPU = Release|Any CPU
	EndGlobalSection
	GlobalSection(ProjectConfigurationPlatforms) = postSolution
		{1321C6DE-C67B-40F3-B53E-00412C878018}.Debug|Any CPU.ActiveCfg = Debug|Any CPU
		{1321C6DE-C67B-40F3-B53E-00412C878018}.Debug|Any CPU.Build.0 = Debug|Any CPU
		{1321C6DE-C67B-40F3-B53E-00412C878018}.Release|Any CPU.ActiveCfg = Release|Any CPU
		{1321C6DE-C67B-40F3-B53E-00412C878018}.Release|Any CPU.Build.0 = Release|Any CPU
	EndGlobalSection
	GlobalSection(SolutionProperties) = preSolution
		HideSolutionNode = FALSE
	EndGlobalSection
	GlobalSection(ExtensibilityGlobals) = postSolution
		SolutionGuid = {39440504-AE7F-47FB-827E-33A1585D3106}
	EndGlobalSection
EndGlobal
