
Microsoft Visual Studio Solution File, Format Version 12.00
# Visual Studio Version 17
VisualStudioVersion = 17.12.35521.163 d17.12
MinimumVisualStudioVersion = 10.0.40219.1
Project("{FAE04EC0-301F-11D3-BF4B-00C04F79EFBC}") = "CallAPIsConsole", "CallAPIsConsole\CallAPIsConsole.csproj", "{3C809C47-7F7E-41C3-A5BF-0A5FFFBAABDA}"
EndProject
Global
	GlobalSection(SolutionConfigurationPlatforms) = preSolution
		Debug|Any CPU = Debug|Any CPU
		Release|Any CPU = Release|Any CPU
	EndGlobalSection
	GlobalSection(ProjectConfigurationPlatforms) = postSolution
		{3C809C47-7F7E-41C3-A5BF-0A5FFFBAABDA}.Debug|Any CPU.ActiveCfg = Debug|Any CPU
		{3C809C47-7F7E-41C3-A5BF-0A5FFFBAABDA}.Debug|Any CPU.Build.0 = Debug|Any CPU
		{3C809C47-7F7E-41C3-A5BF-0A5FFFBAABDA}.Release|Any CPU.ActiveCfg = Release|Any CPU
		{3C809C47-7F7E-41C3-A5BF-0A5FFFBAABDA}.Release|Any CPU.Build.0 = Release|Any CPU
	EndGlobalSection
	GlobalSection(SolutionProperties) = preSolution
		HideSolutionNode = FALSE
	EndGlobalSection
EndGlobal
