
Microsoft Visual Studio Solution File, Format Version 12.00
# Visual Studio Version 17
VisualStudioVersion = 17.10.35027.167
MinimumVisualStudioVersion = 10.0.40219.1
Project("{FAE04EC0-301F-11D3-BF4B-00C04F79EFBC}") = "Lab-Number-Analyzer", "Lab-Number-Analyzer\Lab-Number-Analyzer.csproj", "{4AED2720-1C6D-4495-9431-BBD07F5C5B5A}"
EndProject
Global
	GlobalSection(SolutionConfigurationPlatforms) = preSolution
		Debug|Any CPU = Debug|Any CPU
		Release|Any CPU = Release|Any CPU
	EndGlobalSection
	GlobalSection(ProjectConfigurationPlatforms) = postSolution
		{4AED2720-1C6D-4495-9431-BBD07F5C5B5A}.Debug|Any CPU.ActiveCfg = Debug|Any CPU
		{4AED2720-1C6D-4495-9431-BBD07F5C5B5A}.Debug|Any CPU.Build.0 = Debug|Any CPU
		{4AED2720-1C6D-4495-9431-BBD07F5C5B5A}.Release|Any CPU.ActiveCfg = Release|Any CPU
		{4AED2720-1C6D-4495-9431-BBD07F5C5B5A}.Release|Any CPU.Build.0 = Release|Any CPU
	EndGlobalSection
	GlobalSection(SolutionProperties) = preSolution
		HideSolutionNode = FALSE
	EndGlobalSection
	GlobalSection(ExtensibilityGlobals) = postSolution
		SolutionGuid = {A704CBDB-8184-4A1F-95B7-2199B2DCD585}
	EndGlobalSection
EndGlobal
